# This file is automatically @generated by Cargo.
# It is not intended for manual editing.
version = 4

[[package]]
name = "er-canonical"
version = "0.1.0"

[[package]]
name = "er-kernel"
version = "0.1.0"

[[package]]
name = "er-protocol"
version = "0.1.0"

[[package]]
name = "er-sim"
version = "0.1.0"

[[package]]
name = "er-testkit"
version = "0.1.0"

[[package]]
name = "er-types"
version = "0.1.0"

[[package]]
name = "er-wasm"
version = "0.1.0"
